
Microsoft Visual Studio Solution File, Format Version 12.00
# Visual Studio Version 17
VisualStudioVersion = 17.13.35828.75 d17.13
MinimumVisualStudioVersion = 10.0.40219.1
Project("{FAE04EC0-301F-11D3-BF4B-00C04F79EFBC}") = "GestaoDeEquipamentos.ConsoleApp", "GestaoDeEquipamentos.ConsoleApp\GestaoDeEquipamentos.ConsoleApp.csproj", "{0726E349-059B-4010-A4EC-856877D6FE11}"
EndProject
Global
	GlobalSection(SolutionConfigurationPlatforms) = preSolution
		Debug|Any CPU = Debug|Any CPU
		Release|Any CPU = Release|Any CPU
	EndGlobalSection
	GlobalSection(ProjectConfigurationPlatforms) = postSolution
		{0726E349-059B-4010-A4EC-856877D6FE11}.Debug|Any CPU.ActiveCfg = Debug|Any CPU
		{0726E349-059B-4010-A4EC-856877D6FE11}.Debug|Any CPU.Build.0 = Debug|Any CPU
		{0726E349-059B-4010-A4EC-856877D6FE11}.Release|Any CPU.ActiveCfg = Release|Any CPU
		{0726E349-059B-4010-A4EC-856877D6FE11}.Release|Any CPU.Build.0 = Release|Any CPU
	EndGlobalSection
	GlobalSection(SolutionProperties) = preSolution
		HideSolutionNode = FALSE
	EndGlobalSection
	GlobalSection(ExtensibilityGlobals) = postSolution
		SolutionGuid = {FBB28F59-8C20-4D5D-83DC-FA37F6E126F2}
	EndGlobalSection
EndGlobal
